
Microsoft Visual Studio Solution File, Format Version 12.00
# Visual Studio Version 17
VisualStudioVersion = 17.11.35222.181
MinimumVisualStudioVersion = 10.0.40219.1
Project("{FAE04EC0-301F-11D3-BF4B-00C04F79EFBC}") = "TrainningXamarin", "TrainningXamarin\TrainningXamarin.csproj", "{8ABAFC29-9A94-43D8-9320-0D9EB65C2B22}"
EndProject
Global
	GlobalSection(SolutionConfigurationPlatforms) = preSolution
		Debug|Any CPU = Debug|Any CPU
		Release|Any CPU = Release|Any CPU
	EndGlobalSection
	GlobalSection(ProjectConfigurationPlatforms) = postSolution
		{8ABAFC29-9A94-43D8-9320-0D9EB65C2B22}.Debug|Any CPU.ActiveCfg = Debug|Any CPU
		{8ABAFC29-9A94-43D8-9320-0D9EB65C2B22}.Debug|Any CPU.Build.0 = Debug|Any CPU
		{8ABAFC29-9A94-43D8-9320-0D9EB65C2B22}.Debug|Any CPU.Deploy.0 = Debug|Any CPU
		{8ABAFC29-9A94-43D8-9320-0D9EB65C2B22}.Release|Any CPU.ActiveCfg = Release|Any CPU
		{8ABAFC29-9A94-43D8-9320-0D9EB65C2B22}.Release|Any CPU.Build.0 = Release|Any CPU
		{8ABAFC29-9A94-43D8-9320-0D9EB65C2B22}.Release|Any CPU.Deploy.0 = Release|Any CPU
	EndGlobalSection
	GlobalSection(SolutionProperties) = preSolution
		HideSolutionNode = FALSE
	EndGlobalSection
	GlobalSection(ExtensibilityGlobals) = postSolution
		SolutionGuid = {E22548A7-FE6B-4156-8842-58D06E3D8F27}
	EndGlobalSection
EndGlobal
